
Microsoft Visual Studio Solution File, Format Version 12.00
# Visual Studio 15
VisualStudioVersion = 15.0.25807.0
MinimumVisualStudioVersion = 10.0.40219.1
Project("{2150E333-8FDC-42A3-9474-1A3956D46DE8}") = "Engine", "Engine", "{2214F74D-C0DE-4481-8F8B-F710F5EB1570}"
EndProject
Project("{2150E333-8FDC-42A3-9474-1A3956D46DE8}") = "Games", "Games", "{6877070A-1D78-4C46-B7E4-D23350E19ADD}"
EndProject
Project("{8BC9CEB8-8B4A-11D0-8D11-00A0C91BC942}") = "UE4", "Intermediate\ProjectFiles\UE4.vcxproj", "{3330C554-4C6B-48E3-A487-329621DBB8D5}"
EndProject
Project("{8BC9CEB8-8B4A-11D0-8D11-00A0C91BC942}") = "BuildingEscapeRoom", "Intermediate\ProjectFiles\BuildingEscapeRoom.vcxproj", "{779C9C35-7DFD-4D9F-AC6E-3B13CA7E475C}"
EndProject
Global
	GlobalSection(SolutionConfigurationPlatforms) = preSolution
		DebugGame Editor|HTML5 = DebugGame Editor|HTML5
		DebugGame Editor|Win32 = DebugGame Editor|Win32
		DebugGame Editor|Win64 = DebugGame Editor|Win64
		DebugGame|HTML5 = DebugGame|HTML5
		DebugGame|Win32 = DebugGame|Win32
		DebugGame|Win64 = DebugGame|Win64
		Development Editor|HTML5 = Development Editor|HTML5
		Development Editor|Win32 = Development Editor|Win32
		Development Editor|Win64 = Development Editor|Win64
		Development|HTML5 = Development|HTML5
		Development|Win32 = Development|Win32
		Development|Win64 = Development|Win64
		Shipping|HTML5 = Shipping|HTML5
		Shipping|Win32 = Shipping|Win32
		Shipping|Win64 = Shipping|Win64
	EndGlobalSection
	GlobalSection(ProjectConfigurationPlatforms) = postSolution
		{3330C554-4C6B-48E3-A487-329621DBB8D5}.DebugGame Editor|HTML5.ActiveCfg = BuiltWithUnrealBuildTool|Win32
		{3330C554-4C6B-48E3-A487-329621DBB8D5}.DebugGame Editor|HTML5.Build.0 = BuiltWithUnrealBuildTool|Win32
		{3330C554-4C6B-48E3-A487-329621DBB8D5}.DebugGame Editor|Win32.ActiveCfg = BuiltWithUnrealBuildTool|Win32
		{3330C554-4C6B-48E3-A487-329621DBB8D5}.DebugGame Editor|Win32.Build.0 = BuiltWithUnrealBuildTool|Win32
		{3330C554-4C6B-48E3-A487-329621DBB8D5}.DebugGame Editor|Win64.ActiveCfg = BuiltWithUnrealBuildTool|Win32
		{3330C554-4C6B-48E3-A487-329621DBB8D5}.DebugGame Editor|Win64.Build.0 = BuiltWithUnrealBuildTool|Win32
		{3330C554-4C6B-48E3-A487-329621DBB8D5}.DebugGame|HTML5.ActiveCfg = BuiltWithUnrealBuildTool|Win32
		{3330C554-4C6B-48E3-A487-329621DBB8D5}.DebugGame|HTML5.Build.0 = BuiltWithUnrealBuildTool|Win32
		{3330C554-4C6B-48E3-A487-329621DBB8D5}.DebugGame|Win32.ActiveCfg = BuiltWithUnrealBuildTool|Win32
		{3330C554-4C6B-48E3-A487-329621DBB8D5}.DebugGame|Win32.Build.0 = BuiltWithUnrealBuildTool|Win32
		{3330C554-4C6B-48E3-A487-329621DBB8D5}.DebugGame|Win64.ActiveCfg = BuiltWithUnrealBuildTool|Win32
		{3330C554-4C6B-48E3-A487-329621DBB8D5}.DebugGame|Win64.Build.0 = BuiltWithUnrealBuildTool|Win32
		{3330C554-4C6B-48E3-A487-329621DBB8D5}.Development Editor|HTML5.ActiveCfg = BuiltWithUnrealBuildTool|Win32
		{3330C554-4C6B-48E3-A487-329621DBB8D5}.Development Editor|HTML5.Build.0 = BuiltWithUnrealBuildTool|Win32
		{3330C554-4C6B-48E3-A487-329621DBB8D5}.Development Editor|Win32.ActiveCfg = BuiltWithUnrealBuildTool|Win32
		{3330C554-4C6B-48E3-A487-329621DBB8D5}.Development Editor|Win32.Build.0 = BuiltWithUnrealBuildTool|Win32
		{3330C554-4C6B-48E3-A487-329621DBB8D5}.Development Editor|Win64.ActiveCfg = BuiltWithUnrealBuildTool|Win32
		{3330C554-4C6B-48E3-A487-329621DBB8D5}.Development Editor|Win64.Build.0 = BuiltWithUnrealBuildTool|Win32
		{3330C554-4C6B-48E3-A487-329621DBB8D5}.Development|HTML5.ActiveCfg = BuiltWithUnrealBuildTool|Win32
		{3330C554-4C6B-48E3-A487-329621DBB8D5}.Development|HTML5.Build.0 = BuiltWithUnrealBuildTool|Win32
		{3330C554-4C6B-48E3-A487-329621DBB8D5}.Development|Win32.ActiveCfg = BuiltWithUnrealBuildTool|Win32
		{3330C554-4C6B-48E3-A487-329621DBB8D5}.Development|Win32.Build.0 = BuiltWithUnrealBuildTool|Win32
		{3330C554-4C6B-48E3-A487-329621DBB8D5}.Development|Win64.ActiveCfg = BuiltWithUnrealBuildTool|Win32
		{3330C554-4C6B-48E3-A487-329621DBB8D5}.Development|Win64.Build.0 = BuiltWithUnrealBuildTool|Win32
		{3330C554-4C6B-48E3-A487-329621DBB8D5}.Shipping|HTML5.ActiveCfg = BuiltWithUnrealBuildTool|Win32
		{3330C554-4C6B-48E3-A487-329621DBB8D5}.Shipping|HTML5.Build.0 = BuiltWithUnrealBuildTool|Win32
		{3330C554-4C6B-48E3-A487-329621DBB8D5}.Shipping|Win32.ActiveCfg = BuiltWithUnrealBuildTool|Win32
		{3330C554-4C6B-48E3-A487-329621DBB8D5}.Shipping|Win32.Build.0 = BuiltWithUnrealBuildTool|Win32
		{3330C554-4C6B-48E3-A487-329621DBB8D5}.Shipping|Win64.ActiveCfg = BuiltWithUnrealBuildTool|Win32
		{3330C554-4C6B-48E3-A487-329621DBB8D5}.Shipping|Win64.Build.0 = BuiltWithUnrealBuildTool|Win32
		{779C9C35-7DFD-4D9F-AC6E-3B13CA7E475C}.DebugGame Editor|HTML5.ActiveCfg = HTML5_DebugGame_Editor|Win32
		{779C9C35-7DFD-4D9F-AC6E-3B13CA7E475C}.DebugGame Editor|Win32.ActiveCfg = DebugGame_Editor|Win32
		{779C9C35-7DFD-4D9F-AC6E-3B13CA7E475C}.DebugGame Editor|Win64.ActiveCfg = DebugGame_Editor|x64
		{779C9C35-7DFD-4D9F-AC6E-3B13CA7E475C}.DebugGame Editor|Win64.Build.0 = DebugGame_Editor|x64
		{779C9C35-7DFD-4D9F-AC6E-3B13CA7E475C}.DebugGame|HTML5.ActiveCfg = HTML5_DebugGame_Game|Win32
		{779C9C35-7DFD-4D9F-AC6E-3B13CA7E475C}.DebugGame|HTML5.Build.0 = HTML5_DebugGame_Game|Win32
		{779C9C35-7DFD-4D9F-AC6E-3B13CA7E475C}.DebugGame|Win32.ActiveCfg = DebugGame_Game|Win32
		{779C9C35-7DFD-4D9F-AC6E-3B13CA7E475C}.DebugGame|Win32.Build.0 = DebugGame_Game|Win32
		{779C9C35-7DFD-4D9F-AC6E-3B13CA7E475C}.DebugGame|Win64.ActiveCfg = DebugGame_Game|x64
		{779C9C35-7DFD-4D9F-AC6E-3B13CA7E475C}.DebugGame|Win64.Build.0 = DebugGame_Game|x64
		{779C9C35-7DFD-4D9F-AC6E-3B13CA7E475C}.Development Editor|HTML5.ActiveCfg = HTML5_Development_Editor|Win32
		{779C9C35-7DFD-4D9F-AC6E-3B13CA7E475C}.Development Editor|Win32.ActiveCfg = Development_Editor|Win32
		{779C9C35-7DFD-4D9F-AC6E-3B13CA7E475C}.Development Editor|Win64.ActiveCfg = Development_Editor|x64
		{779C9C35-7DFD-4D9F-AC6E-3B13CA7E475C}.Development Editor|Win64.Build.0 = Development_Editor|x64
		{779C9C35-7DFD-4D9F-AC6E-3B13CA7E475C}.Development|HTML5.ActiveCfg = HTML5_Development_Game|Win32
		{779C9C35-7DFD-4D9F-AC6E-3B13CA7E475C}.Development|HTML5.Build.0 = HTML5_Development_Game|Win32
		{779C9C35-7DFD-4D9F-AC6E-3B13CA7E475C}.Development|Win32.ActiveCfg = Development_Game|Win32
		{779C9C35-7DFD-4D9F-AC6E-3B13CA7E475C}.Development|Win32.Build.0 = Development_Game|Win32
		{779C9C35-7DFD-4D9F-AC6E-3B13CA7E475C}.Development|Win64.ActiveCfg = Development_Game|x64
		{779C9C35-7DFD-4D9F-AC6E-3B13CA7E475C}.Development|Win64.Build.0 = Development_Game|x64
		{779C9C35-7DFD-4D9F-AC6E-3B13CA7E475C}.Shipping|HTML5.ActiveCfg = HTML5_Shipping_Game|Win32
		{779C9C35-7DFD-4D9F-AC6E-3B13CA7E475C}.Shipping|HTML5.Build.0 = HTML5_Shipping_Game|Win32
		{779C9C35-7DFD-4D9F-AC6E-3B13CA7E475C}.Shipping|Win32.ActiveCfg = Shipping_Game|Win32
		{779C9C35-7DFD-4D9F-AC6E-3B13CA7E475C}.Shipping|Win32.Build.0 = Shipping_Game|Win32
		{779C9C35-7DFD-4D9F-AC6E-3B13CA7E475C}.Shipping|Win64.ActiveCfg = Shipping_Game|x64
		{779C9C35-7DFD-4D9F-AC6E-3B13CA7E475C}.Shipping|Win64.Build.0 = Shipping_Game|x64
	EndGlobalSection
	GlobalSection(SolutionProperties) = preSolution
		HideSolutionNode = FALSE
	EndGlobalSection
	GlobalSection(NestedProjects) = preSolution
		{3330C554-4C6B-48E3-A487-329621DBB8D5} = {2214F74D-C0DE-4481-8F8B-F710F5EB1570}
		{779C9C35-7DFD-4D9F-AC6E-3B13CA7E475C} = {6877070A-1D78-4C46-B7E4-D23350E19ADD}
	EndGlobalSection
	GlobalSection(ExtensibilityGlobals) = postSolution
		SolutionGuid = {8F4AFEDB-7808-4B84-978C-C0382969209B}
	EndGlobalSection
EndGlobal
